
Microsoft Visual Studio Solution File, Format Version 12.00
# Visual Studio 2012
Project("{FAE04EC0-301F-11D3-BF4B-00C04F79EFBC}") = "InternetOfGreens", "InternetOfGreens\InternetOfGreens.csproj", "{D8F15165-A082-42FA-8CA7-C5DAC71DE8CD}"
	ProjectSection(ProjectDependencies) = postProject
		{B36A2E1B-47E4-4C2A-8C3E-4A7BF2B34A88} = {B36A2E1B-47E4-4C2A-8C3E-4A7BF2B34A88}
		{4198DECC-44E7-4B97-8AC3-D944CBE21483} = {4198DECC-44E7-4B97-8AC3-D944CBE21483}
	EndProjectSection
EndProject
Project("{FAE04EC0-301F-11D3-BF4B-00C04F79EFBC}") = "InternetOfGreens.Data", "InternetOfGreens.Data\InternetOfGreens.Data.csproj", "{4198DECC-44E7-4B97-8AC3-D944CBE21483}"
	ProjectSection(ProjectDependencies) = postProject
		{B36A2E1B-47E4-4C2A-8C3E-4A7BF2B34A88} = {B36A2E1B-47E4-4C2A-8C3E-4A7BF2B34A88}
	EndProjectSection
EndProject
Project("{FAE04EC0-301F-11D3-BF4B-00C04F79EFBC}") = "InternetOfGreens.Domain", "InternetOfGreens.Domain\InternetOfGreens.Domain.csproj", "{B36A2E1B-47E4-4C2A-8C3E-4A7BF2B34A88}"
EndProject
Global
	GlobalSection(SolutionConfigurationPlatforms) = preSolution
		Debug|Any CPU = Debug|Any CPU
		Release|Any CPU = Release|Any CPU
	EndGlobalSection
	GlobalSection(ProjectConfigurationPlatforms) = postSolution
		{D8F15165-A082-42FA-8CA7-C5DAC71DE8CD}.Debug|Any CPU.ActiveCfg = Debug|Any CPU
		{D8F15165-A082-42FA-8CA7-C5DAC71DE8CD}.Debug|Any CPU.Build.0 = Debug|Any CPU
		{D8F15165-A082-42FA-8CA7-C5DAC71DE8CD}.Release|Any CPU.ActiveCfg = Release|Any CPU
		{D8F15165-A082-42FA-8CA7-C5DAC71DE8CD}.Release|Any CPU.Build.0 = Release|Any CPU
		{4198DECC-44E7-4B97-8AC3-D944CBE21483}.Debug|Any CPU.ActiveCfg = Debug|Any CPU
		{4198DECC-44E7-4B97-8AC3-D944CBE21483}.Debug|Any CPU.Build.0 = Debug|Any CPU
		{4198DECC-44E7-4B97-8AC3-D944CBE21483}.Release|Any CPU.ActiveCfg = Release|Any CPU
		{4198DECC-44E7-4B97-8AC3-D944CBE21483}.Release|Any CPU.Build.0 = Release|Any CPU
		{B36A2E1B-47E4-4C2A-8C3E-4A7BF2B34A88}.Debug|Any CPU.ActiveCfg = Debug|Any CPU
		{B36A2E1B-47E4-4C2A-8C3E-4A7BF2B34A88}.Debug|Any CPU.Build.0 = Debug|Any CPU
		{B36A2E1B-47E4-4C2A-8C3E-4A7BF2B34A88}.Release|Any CPU.ActiveCfg = Release|Any CPU
		{B36A2E1B-47E4-4C2A-8C3E-4A7BF2B34A88}.Release|Any CPU.Build.0 = Release|Any CPU
	EndGlobalSection
	GlobalSection(SolutionProperties) = preSolution
		HideSolutionNode = FALSE
	EndGlobalSection
EndGlobal
